Microsoft Visual Studio Solution File, Format Version 12.00
# Visual Studio Version 17
VisualStudioVersion = 17.5.2.0
MinimumVisualStudioVersion = 10.0.40219.1
Project("{2150E333-8FDC-42A3-9474-1A3956D46DE8}") = "easy", "easy", "{14292DC6-C4D1-3D74-3790-95F89705428B}"
EndProject
Project("{FAE04EC0-301F-11D3-BF4B-00C04F79EFBC}") = "TwoSum", "easy\UmTwoSum\TwoSum.csproj", "{04CA7C6E-E806-D504-5070-C2A4FB3A0052}"
EndProject
Global
	GlobalSection(SolutionConfigurationPlatforms) = preSolution
		Debug|Any CPU = Debug|Any CPU
		Release|Any CPU = Release|Any CPU
	EndGlobalSection
	GlobalSection(ProjectConfigurationPlatforms) = postSolution
		{04CA7C6E-E806-D504-5070-C2A4FB3A0052}.Debug|Any CPU.ActiveCfg = Debug|Any CPU
		{04CA7C6E-E806-D504-5070-C2A4FB3A0052}.Debug|Any CPU.Build.0 = Debug|Any CPU
		{04CA7C6E-E806-D504-5070-C2A4FB3A0052}.Release|Any CPU.ActiveCfg = Release|Any CPU
		{04CA7C6E-E806-D504-5070-C2A4FB3A0052}.Release|Any CPU.Build.0 = Release|Any CPU
	EndGlobalSection
	GlobalSection(SolutionProperties) = preSolution
		HideSolutionNode = FALSE
	EndGlobalSection
	GlobalSection(NestedProjects) = preSolution
		{04CA7C6E-E806-D504-5070-C2A4FB3A0052} = {14292DC6-C4D1-3D74-3790-95F89705428B}
	EndGlobalSection
	GlobalSection(ExtensibilityGlobals) = postSolution
		SolutionGuid = {C42A6494-B584-4FF7-9914-35FA15CB68EF}
	EndGlobalSection
EndGlobal
